
Microsoft Visual Studio Solution File, Format Version 12.00
# Visual Studio Version 16
VisualStudioVersion = 16.0.30621.155
MinimumVisualStudioVersion = 10.0.40219.1
Project("{FAE04EC0-301F-11D3-BF4B-00C04F79EFBC}") = "ADConnectMVC", "..\ADConnectMVC\ADConnectMVC.csproj", "{126EA004-462C-465A-98D5-9E6C2406417D}"
EndProject
Project("{FAE04EC0-301F-11D3-BF4B-00C04F79EFBC}") = "ReceiveAndSendNotification", "ReceiveAndSendNotification\ReceiveAndSendNotification.csproj", "{0277258C-103D-4E85-9FC7-AA310765D106}"
EndProject
Global
	GlobalSection(SolutionConfigurationPlatforms) = preSolution
		Debug|Any CPU = Debug|Any CPU
		Release|Any CPU = Release|Any CPU
	EndGlobalSection
	GlobalSection(ProjectConfigurationPlatforms) = postSolution
		{126EA004-462C-465A-98D5-9E6C2406417D}.Debug|Any CPU.ActiveCfg = Debug|Any CPU
		{126EA004-462C-465A-98D5-9E6C2406417D}.Debug|Any CPU.Build.0 = Debug|Any CPU
		{126EA004-462C-465A-98D5-9E6C2406417D}.Release|Any CPU.ActiveCfg = Release|Any CPU
		{126EA004-462C-465A-98D5-9E6C2406417D}.Release|Any CPU.Build.0 = Release|Any CPU
		{0277258C-103D-4E85-9FC7-AA310765D106}.Debug|Any CPU.ActiveCfg = Debug|Any CPU
		{0277258C-103D-4E85-9FC7-AA310765D106}.Debug|Any CPU.Build.0 = Debug|Any CPU
		{0277258C-103D-4E85-9FC7-AA310765D106}.Release|Any CPU.ActiveCfg = Release|Any CPU
		{0277258C-103D-4E85-9FC7-AA310765D106}.Release|Any CPU.Build.0 = Release|Any CPU
	EndGlobalSection
	GlobalSection(SolutionProperties) = preSolution
		HideSolutionNode = FALSE
	EndGlobalSection
	GlobalSection(ExtensibilityGlobals) = postSolution
		SolutionGuid = {C818F4F3-67C9-4468-9CFC-29DEE957B8E7}
	EndGlobalSection
EndGlobal
