
Microsoft Visual Studio Solution File, Format Version 12.00
# Visual Studio Version 16
VisualStudioVersion = 16.0.30621.155
MinimumVisualStudioVersion = 10.0.40219.1
Project("{FAE04EC0-301F-11D3-BF4B-00C04F79EFBC}") = "AppServiceTest", "AppServiceTest.csproj", "{6BE1F50A-5624-4D90-9072-2B636E458934}"
EndProject
Global
	GlobalSection(SolutionConfigurationPlatforms) = preSolution
		Debug|Any CPU = Debug|Any CPU
		Release|Any CPU = Release|Any CPU
	EndGlobalSection
	GlobalSection(ProjectConfigurationPlatforms) = postSolution
		{6BE1F50A-5624-4D90-9072-2B636E458934}.Debug|Any CPU.ActiveCfg = Debug|Any CPU
		{6BE1F50A-5624-4D90-9072-2B636E458934}.Debug|Any CPU.Build.0 = Debug|Any CPU
		{6BE1F50A-5624-4D90-9072-2B636E458934}.Release|Any CPU.ActiveCfg = Release|Any CPU
		{6BE1F50A-5624-4D90-9072-2B636E458934}.Release|Any CPU.Build.0 = Release|Any CPU
	EndGlobalSection
	GlobalSection(SolutionProperties) = preSolution
		HideSolutionNode = FALSE
	EndGlobalSection
	GlobalSection(ExtensibilityGlobals) = postSolution
		SolutionGuid = {E62C6E9F-D8B8-4018-8241-248E2469DDAD}
	EndGlobalSection
EndGlobal
