
Microsoft Visual Studio Solution File, Format Version 12.00
# Visual Studio Version 16
VisualStudioVersion = 16.0.30621.155
MinimumVisualStudioVersion = 10.0.40219.1
Project("{FAE04EC0-301F-11D3-BF4B-00C04F79EFBC}") = "AppServiceWebJob", "AppServiceWebJob.csproj", "{A1E818E9-7638-40B9-BB1E-9CF7F5D92165}"
EndProject
Global
	GlobalSection(SolutionConfigurationPlatforms) = preSolution
		Debug|Any CPU = Debug|Any CPU
		Release|Any CPU = Release|Any CPU
	EndGlobalSection
	GlobalSection(ProjectConfigurationPlatforms) = postSolution
		{A1E818E9-7638-40B9-BB1E-9CF7F5D92165}.Debug|Any CPU.ActiveCfg = Debug|Any CPU
		{A1E818E9-7638-40B9-BB1E-9CF7F5D92165}.Debug|Any CPU.Build.0 = Debug|Any CPU
		{A1E818E9-7638-40B9-BB1E-9CF7F5D92165}.Release|Any CPU.ActiveCfg = Release|Any CPU
		{A1E818E9-7638-40B9-BB1E-9CF7F5D92165}.Release|Any CPU.Build.0 = Release|Any CPU
	EndGlobalSection
	GlobalSection(SolutionProperties) = preSolution
		HideSolutionNode = FALSE
	EndGlobalSection
	GlobalSection(ExtensibilityGlobals) = postSolution
		SolutionGuid = {29FF27D0-27C0-4C34-8182-CBFC0765F7EE}
	EndGlobalSection
EndGlobal
